{
  "projects": [
    {
      "projectId": "mkraxK26DVUcftaRqUY3yk",
      "version": "latest",
      "dependencies": {},
      "lang": "ts",
      "fileLocks": [
        {
          "type": "globalVariant",
          "assetId": "M6xXCzKRRr7R",
          "checksum": "7e3cd9c1ebca6bfa65559d02a2af0f16"
        },
        {
          "type": "renderModule",
          "assetId": "KsrCBwAy5kl",
          "checksum": "c9055aae02da23229cc40e3cb513e315"
        },
        {
          "type": "cssRules",
          "assetId": "KsrCBwAy5kl",
          "checksum": "c9055aae02da23229cc40e3cb513e315"
        },
        {
          "type": "renderModule",
          "assetId": "aMXT9V90D9D",
          "checksum": "6fcb4d7409ce9c746b0982fcec7691d0"
        },
        {
          "type": "cssRules",
          "assetId": "aMXT9V90D9D",
          "checksum": "6fcb4d7409ce9c746b0982fcec7691d0"
        },
        {
          "type": "renderModule",
          "assetId": "MJTx7eUk5eh",
          "checksum": "1c740dfd10b184ca7943ee808d917786"
        },
        {
          "type": "cssRules",
          "assetId": "MJTx7eUk5eh",
          "checksum": "1c740dfd10b184ca7943ee808d917786"
        },
        {
          "type": "renderModule",
          "assetId": "qS-6j3cf1O1",
          "checksum": "3684389892566574e38ffd5fee78e9ad"
        },
        {
          "type": "cssRules",
          "assetId": "qS-6j3cf1O1",
          "checksum": "3684389892566574e38ffd5fee78e9ad"
        },
        {
          "type": "renderModule",
          "assetId": "DX6qcEmXK9m",
          "checksum": "fc75a3920a329735a1973f830cba087a"
        },
        {
          "type": "cssRules",
          "assetId": "DX6qcEmXK9m",
          "checksum": "fc75a3920a329735a1973f830cba087a"
        },
        {
          "type": "renderModule",
          "assetId": "RGyfOT1zcPQ",
          "checksum": "ea664e14c049f0691d02d6ad10a72a6f"
        },
        {
          "type": "cssRules",
          "assetId": "RGyfOT1zcPQ",
          "checksum": "ea664e14c049f0691d02d6ad10a72a6f"
        },
        {
          "type": "renderModule",
          "assetId": "xhf7eLvFPSn",
          "checksum": "e06b27bbda2964cde114b4d44b545dfa"
        },
        {
          "type": "cssRules",
          "assetId": "xhf7eLvFPSn",
          "checksum": "e06b27bbda2964cde114b4d44b545dfa"
        },
        {
          "type": "renderModule",
          "assetId": "vz6doh95LBs",
          "checksum": "58fbb76465d2a45bd997dbe78025e0e8"
        },
        {
          "type": "cssRules",
          "assetId": "vz6doh95LBs",
          "checksum": "58fbb76465d2a45bd997dbe78025e0e8"
        },
        {
          "type": "renderModule",
          "assetId": "zD-oLHmT8q6",
          "checksum": "55020687415f77b4cbecc6240c261c6a"
        },
        {
          "type": "cssRules",
          "assetId": "zD-oLHmT8q6",
          "checksum": "55020687415f77b4cbecc6240c261c6a"
        },
        {
          "type": "renderModule",
          "assetId": "MowUmIKgzml",
          "checksum": "fcac0aa0cbb0ff7f54ab345d1c34499d"
        },
        {
          "type": "cssRules",
          "assetId": "MowUmIKgzml",
          "checksum": "fcac0aa0cbb0ff7f54ab345d1c34499d"
        },
        {
          "type": "renderModule",
          "assetId": "B-LnHshVOas",
          "checksum": "515983b7c275b69a1984f4873cb815aa"
        },
        {
          "type": "cssRules",
          "assetId": "B-LnHshVOas",
          "checksum": "515983b7c275b69a1984f4873cb815aa"
        },
        {
          "type": "renderModule",
          "assetId": "MpJ5OsIf2JP",
          "checksum": "2bb3d78c50a1a1322559642ba02ef059"
        },
        {
          "type": "cssRules",
          "assetId": "MpJ5OsIf2JP",
          "checksum": "2bb3d78c50a1a1322559642ba02ef059"
        },
        {
          "type": "renderModule",
          "assetId": "ifRpCz3DuA3",
          "checksum": "92750fccf135bd49916cd901c0ea81cf"
        },
        {
          "type": "cssRules",
          "assetId": "ifRpCz3DuA3",
          "checksum": "92750fccf135bd49916cd901c0ea81cf"
        },
        {
          "type": "renderModule",
          "assetId": "AxMv-PN1JTL",
          "checksum": "d3fe87278892b386da26e6671e851663"
        },
        {
          "type": "cssRules",
          "assetId": "AxMv-PN1JTL",
          "checksum": "d3fe87278892b386da26e6671e851663"
        },
        {
          "type": "renderModule",
          "assetId": "7gN8zJqnvIH",
          "checksum": "38337ad036432d20241046ce02314368"
        },
        {
          "type": "cssRules",
          "assetId": "7gN8zJqnvIH",
          "checksum": "38337ad036432d20241046ce02314368"
        },
        {
          "type": "renderModule",
          "assetId": "NTPqFiiCNdH",
          "checksum": "398547186e594bf1a6465a1d63adcf76"
        },
        {
          "type": "cssRules",
          "assetId": "NTPqFiiCNdH",
          "checksum": "398547186e594bf1a6465a1d63adcf76"
        },
        {
          "type": "renderModule",
          "assetId": "6IYXYmrCIoJ",
          "checksum": "8b2558f2ffc2a87526a9952721f4266d"
        },
        {
          "type": "cssRules",
          "assetId": "6IYXYmrCIoJ",
          "checksum": "8b2558f2ffc2a87526a9952721f4266d"
        },
        {
          "type": "renderModule",
          "assetId": "4wlHi7Qr4oJ",
          "checksum": "d10c19dcdb8d1fe6abbb7bbb2fe5086b"
        },
        {
          "type": "cssRules",
          "assetId": "4wlHi7Qr4oJ",
          "checksum": "d10c19dcdb8d1fe6abbb7bbb2fe5086b"
        },
        {
          "type": "renderModule",
          "assetId": "kBmGYEkx6inK",
          "checksum": "4448fb4d9f2a2e764814cd196e1dc200"
        },
        {
          "type": "cssRules",
          "assetId": "kBmGYEkx6inK",
          "checksum": "4448fb4d9f2a2e764814cd196e1dc200"
        },
        {
          "type": "renderModule",
          "assetId": "n4M_0P1ZGKhl",
          "checksum": "3bf59f2631d96ee571f2749d5edfeed9"
        },
        {
          "type": "cssRules",
          "assetId": "n4M_0P1ZGKhl",
          "checksum": "3bf59f2631d96ee571f2749d5edfeed9"
        },
        {
          "type": "renderModule",
          "assetId": "rCKDK-SDSB6g",
          "checksum": "7c689478d8de924f1f35ddd7f24e230e"
        },
        {
          "type": "cssRules",
          "assetId": "rCKDK-SDSB6g",
          "checksum": "7c689478d8de924f1f35ddd7f24e230e"
        },
        {
          "type": "renderModule",
          "assetId": "kwsIU5GGEcN8",
          "checksum": "631590b23a89351ef6adebeb621c6ca2"
        },
        {
          "type": "cssRules",
          "assetId": "kwsIU5GGEcN8",
          "checksum": "631590b23a89351ef6adebeb621c6ca2"
        },
        {
          "type": "renderModule",
          "assetId": "RaDOG038g-H-",
          "checksum": "0f8a5a196e5c21ea0674b4736869991b"
        },
        {
          "type": "cssRules",
          "assetId": "RaDOG038g-H-",
          "checksum": "0f8a5a196e5c21ea0674b4736869991b"
        },
        {
          "type": "renderModule",
          "assetId": "zDyPLqQy14hx",
          "checksum": "dc571e95e948df8d6b8325daceff53ae"
        },
        {
          "type": "cssRules",
          "assetId": "zDyPLqQy14hx",
          "checksum": "dc571e95e948df8d6b8325daceff53ae"
        },
        {
          "type": "renderModule",
          "assetId": "nIf4RF0JY0hs",
          "checksum": "a8bb7a648aeb8d18c341b0655e5801e4"
        },
        {
          "type": "cssRules",
          "assetId": "nIf4RF0JY0hs",
          "checksum": "a8bb7a648aeb8d18c341b0655e5801e4"
        },
        {
          "type": "renderModule",
          "assetId": "CvFzAVlSFBgi",
          "checksum": "3bcc74129d97cf33f9622d1ada8a0584"
        },
        {
          "type": "cssRules",
          "assetId": "CvFzAVlSFBgi",
          "checksum": "3bcc74129d97cf33f9622d1ada8a0584"
        },
        {
          "type": "renderModule",
          "assetId": "9q2mI5Jhj8gT",
          "checksum": "03d285f2e7cc411b6bb913a0bf70d566"
        },
        {
          "type": "cssRules",
          "assetId": "9q2mI5Jhj8gT",
          "checksum": "03d285f2e7cc411b6bb913a0bf70d566"
        },
        {
          "type": "renderModule",
          "assetId": "-tQPLPcdZ2pw",
          "checksum": "6d4669c58f49bfbce77f2a6f977bdfed"
        },
        {
          "type": "cssRules",
          "assetId": "-tQPLPcdZ2pw",
          "checksum": "6d4669c58f49bfbce77f2a6f977bdfed"
        },
        {
          "type": "renderModule",
          "assetId": "r3AiXoRjgPgA",
          "checksum": "08e8983ba622291443f5bd2ae0b9e1f8"
        },
        {
          "type": "cssRules",
          "assetId": "r3AiXoRjgPgA",
          "checksum": "08e8983ba622291443f5bd2ae0b9e1f8"
        },
        {
          "type": "renderModule",
          "assetId": "ZUDDTGJ2pJQF",
          "checksum": "33b119e5380c9b2e0923cbc787282ef0"
        },
        {
          "type": "cssRules",
          "assetId": "ZUDDTGJ2pJQF",
          "checksum": "33b119e5380c9b2e0923cbc787282ef0"
        },
        {
          "type": "renderModule",
          "assetId": "XGxfJRM9yO0q",
          "checksum": "29566bf2d07c5a413ec8efe7e5414843"
        },
        {
          "type": "cssRules",
          "assetId": "XGxfJRM9yO0q",
          "checksum": "29566bf2d07c5a413ec8efe7e5414843"
        },
        {
          "type": "renderModule",
          "assetId": "YlvRm9eUPZag",
          "checksum": "ef232ac75795c852db475dae4cf1f8b3"
        },
        {
          "type": "cssRules",
          "assetId": "YlvRm9eUPZag",
          "checksum": "ef232ac75795c852db475dae4cf1f8b3"
        },
        {
          "type": "renderModule",
          "assetId": "4Av6mv5Lu0DX",
          "checksum": "0de705307f7ace83267c68bb1a16d206"
        },
        {
          "type": "cssRules",
          "assetId": "4Av6mv5Lu0DX",
          "checksum": "0de705307f7ace83267c68bb1a16d206"
        },
        {
          "type": "renderModule",
          "assetId": "_SenxXF7JW2b",
          "checksum": "ffda53c75107c8ab974bf5f0a892f505"
        },
        {
          "type": "cssRules",
          "assetId": "_SenxXF7JW2b",
          "checksum": "ffda53c75107c8ab974bf5f0a892f505"
        },
        {
          "type": "renderModule",
          "assetId": "1T1DHjJON3EE",
          "checksum": "cbc0434b06c9da0e1559f28e6084a332"
        },
        {
          "type": "cssRules",
          "assetId": "1T1DHjJON3EE",
          "checksum": "cbc0434b06c9da0e1559f28e6084a332"
        },
        {
          "type": "renderModule",
          "assetId": "AuXIZcqDg7km",
          "checksum": "31f2e05e106b0634ed4192671b36f5dd"
        },
        {
          "type": "cssRules",
          "assetId": "AuXIZcqDg7km",
          "checksum": "31f2e05e106b0634ed4192671b36f5dd"
        },
        {
          "type": "renderModule",
          "assetId": "xYciNZ3Rf6yr",
          "checksum": "2ce991b92afc3f67008dee0002397972"
        },
        {
          "type": "cssRules",
          "assetId": "xYciNZ3Rf6yr",
          "checksum": "2ce991b92afc3f67008dee0002397972"
        },
        {
          "type": "renderModule",
          "assetId": "AYFveXXC_6yn",
          "checksum": "f47f48bf025602fa6a4f10b06b4b1b92"
        },
        {
          "type": "cssRules",
          "assetId": "AYFveXXC_6yn",
          "checksum": "f47f48bf025602fa6a4f10b06b4b1b92"
        },
        {
          "type": "renderModule",
          "assetId": "AURlVeVjJ-Ho",
          "checksum": "50542c5a2400774df5c9e878cbe9336e"
        },
        {
          "type": "cssRules",
          "assetId": "AURlVeVjJ-Ho",
          "checksum": "50542c5a2400774df5c9e878cbe9336e"
        },
        {
          "type": "renderModule",
          "assetId": "T-MoYnpvR__u",
          "checksum": "6d38dbd431913617001d7a32644fa16a"
        },
        {
          "type": "cssRules",
          "assetId": "T-MoYnpvR__u",
          "checksum": "6d38dbd431913617001d7a32644fa16a"
        },
        {
          "type": "renderModule",
          "assetId": "qf7lDf5Z8vP9",
          "checksum": "3ac16f0ad0cc612969bbba3368864d5e"
        },
        {
          "type": "cssRules",
          "assetId": "qf7lDf5Z8vP9",
          "checksum": "3ac16f0ad0cc612969bbba3368864d5e"
        },
        {
          "type": "renderModule",
          "assetId": "GV0DmJWMQouB",
          "checksum": "b57fcb157def62bd881145e777b1930b"
        },
        {
          "type": "cssRules",
          "assetId": "GV0DmJWMQouB",
          "checksum": "b57fcb157def62bd881145e777b1930b"
        },
        {
          "type": "renderModule",
          "assetId": "JmB_xgrb8cmb",
          "checksum": "ad87f7628b25f9a03f36131223c334dd"
        },
        {
          "type": "cssRules",
          "assetId": "JmB_xgrb8cmb",
          "checksum": "ad87f7628b25f9a03f36131223c334dd"
        },
        {
          "type": "renderModule",
          "assetId": "MI4njOrUzq-E",
          "checksum": "6c1ad6c23175c8c1b50c36de9c8ca96d"
        },
        {
          "type": "cssRules",
          "assetId": "MI4njOrUzq-E",
          "checksum": "6c1ad6c23175c8c1b50c36de9c8ca96d"
        },
        {
          "type": "renderModule",
          "assetId": "L6TrhOhxBlBZ",
          "checksum": "2648315ae8a1dd4b9a74a37e75524e1f"
        },
        {
          "type": "cssRules",
          "assetId": "L6TrhOhxBlBZ",
          "checksum": "2648315ae8a1dd4b9a74a37e75524e1f"
        },
        {
          "type": "renderModule",
          "assetId": "jexBH1CRCuKl",
          "checksum": "4797bf2be95d5cb18b3f4aed0c4d460b"
        },
        {
          "type": "cssRules",
          "assetId": "jexBH1CRCuKl",
          "checksum": "4797bf2be95d5cb18b3f4aed0c4d460b"
        },
        {
          "type": "renderModule",
          "assetId": "kMQuPQO47B29",
          "checksum": "7222d12d7943b0f432f708309552afe1"
        },
        {
          "type": "cssRules",
          "assetId": "kMQuPQO47B29",
          "checksum": "7222d12d7943b0f432f708309552afe1"
        },
        {
          "type": "renderModule",
          "assetId": "6hg05LvOFvzx",
          "checksum": "c0c5dd57c65eda6408e2326ac883f4d5"
        },
        {
          "type": "cssRules",
          "assetId": "6hg05LvOFvzx",
          "checksum": "c0c5dd57c65eda6408e2326ac883f4d5"
        },
        {
          "type": "renderModule",
          "assetId": "MTwEWXgSnHbk",
          "checksum": "56b8f19611fd5177aadf5f8c2382c23a"
        },
        {
          "type": "cssRules",
          "assetId": "MTwEWXgSnHbk",
          "checksum": "56b8f19611fd5177aadf5f8c2382c23a"
        },
        {
          "type": "renderModule",
          "assetId": "J64jdOJXdzte",
          "checksum": "bef2d1e98e05c15983c523fe214105c6"
        },
        {
          "type": "cssRules",
          "assetId": "J64jdOJXdzte",
          "checksum": "bef2d1e98e05c15983c523fe214105c6"
        },
        {
          "type": "renderModule",
          "assetId": "4cCoeqo7Fyhr",
          "checksum": "5a9b91356d89fac16d5b2710417f8fa8"
        },
        {
          "type": "cssRules",
          "assetId": "4cCoeqo7Fyhr",
          "checksum": "5a9b91356d89fac16d5b2710417f8fa8"
        },
        {
          "type": "renderModule",
          "assetId": "6S-PQfygbDi3",
          "checksum": "66108f920b8d418bbb9afa38449fcda0"
        },
        {
          "type": "cssRules",
          "assetId": "6S-PQfygbDi3",
          "checksum": "66108f920b8d418bbb9afa38449fcda0"
        },
        {
          "type": "renderModule",
          "assetId": "LIWk-liDEZ",
          "checksum": "96f314dd4da41535e57636155a3027aa"
        },
        {
          "type": "cssRules",
          "assetId": "LIWk-liDEZ",
          "checksum": "96f314dd4da41535e57636155a3027aa"
        },
        {
          "type": "icon",
          "assetId": "G1QeSUusjchd",
          "checksum": "b0b9ca31dbb177b9fff80e81062db88f"
        },
        {
          "type": "icon",
          "assetId": "tdoBjOA2BxEV",
          "checksum": "7de73d5b2fb5654dbc9e45a8dbf43396"
        },
        {
          "type": "icon",
          "assetId": "pjpx1ObBaN_F",
          "checksum": "78d98dfd681ee0b07791ae035c3f1ed6"
        },
        {
          "type": "icon",
          "assetId": "V2V4D7mhiIko",
          "checksum": "0a3aa29352a3d0678ade294788454eea"
        },
        {
          "type": "icon",
          "assetId": "eLqmbBDhVWum",
          "checksum": "53b351538a5a4a66439194669019a517"
        },
        {
          "type": "icon",
          "assetId": "EYx19SOpjVnz",
          "checksum": "eeaef5fadd6f7e2d273f50a53818abb6"
        },
        {
          "type": "icon",
          "assetId": "mGvEwHL-lVFP",
          "checksum": "caadd258787b0a8b8ac0e16488efb717"
        },
        {
          "type": "icon",
          "assetId": "2AwxsNaZWhxe",
          "checksum": "6cbaad443524d698e2cf1c6769ef6f0e"
        },
        {
          "type": "icon",
          "assetId": "wd8d3he2xQhh",
          "checksum": "68694ecf5291a2df2d6f1f55391ccc55"
        },
        {
          "type": "icon",
          "assetId": "GiafqccXbYic",
          "checksum": "bdf170d68c642735d5240eed08700052"
        },
        {
          "type": "icon",
          "assetId": "Y-ByPG89Cn3u",
          "checksum": "ffcb7bc4eb095548a469703cc4a8a315"
        },
        {
          "type": "icon",
          "assetId": "vPbiH3A7wdyX",
          "checksum": "32a09767936a9bf4402c3a329f56fd1c"
        },
        {
          "type": "icon",
          "assetId": "nPmRp3GbB80G",
          "checksum": "296100dcb6020e505d65d91ae9639932"
        },
        {
          "type": "icon",
          "assetId": "tLEvhWvYQsT3",
          "checksum": "f8813bd8a6ee3d1ba62e2396da646722"
        },
        {
          "type": "icon",
          "assetId": "ZwJn3NnDirjd",
          "checksum": "0e725e0cf505cca6f3370f77c509b6e9"
        },
        {
          "type": "icon",
          "assetId": "HMfG8wkmZF6H",
          "checksum": "003b631e9065e608e9f85d716cf33015"
        },
        {
          "type": "icon",
          "assetId": "xSzYxSCGZuoJ",
          "checksum": "c400159bd53dc568233de78d9f2234a4"
        },
        {
          "type": "icon",
          "assetId": "8i8-Q_bieOi3",
          "checksum": "769fdb664a5d61892a0f32ccc50b6c96"
        },
        {
          "type": "icon",
          "assetId": "4Ib216HcC2ev",
          "checksum": "61fa97f1b8a7c7e812522c2abcbae83f"
        },
        {
          "type": "icon",
          "assetId": "AkjukFQXow_-",
          "checksum": "59fee84200389dde4a61d4375c0634af"
        },
        {
          "type": "icon",
          "assetId": "NX3vrnXXokrN",
          "checksum": "e256d59629dc48d2106a03b915728c9b"
        },
        {
          "type": "icon",
          "assetId": "VNc0ynh1A4u0",
          "checksum": "3ddb030eb298219557ded7de121ec218"
        },
        {
          "type": "icon",
          "assetId": "8ymxonyXmCOn",
          "checksum": "d5e5782bd18bc026b84be298244f7d37"
        },
        {
          "type": "icon",
          "assetId": "71MsyVpXIOLu",
          "checksum": "0f2ec838ff2f64d0ce9b128ea9190ad6"
        },
        {
          "type": "icon",
          "assetId": "syxF1ieQF2qZ",
          "checksum": "dac300e6c21625fa23476bc3fbec4156"
        },
        {
          "type": "icon",
          "assetId": "U1gLAy4u7L8c",
          "checksum": "0b7ebfc7a9d98731556dfe7293ec38bf"
        },
        {
          "type": "icon",
          "assetId": "rCjRnm3zCEul",
          "checksum": "39c2fd6b2007f2ba0bfa38cb4140fe3d"
        },
        {
          "type": "icon",
          "assetId": "JJiA5IHYDyPK",
          "checksum": "b1873a206eec6764ce0251ccac34fcb8"
        },
        {
          "type": "icon",
          "assetId": "Cg19Iy9ZhD4L",
          "checksum": "f28ade183f947b4debf5423f1f9ea101"
        },
        {
          "type": "icon",
          "assetId": "YKJPjdHsKW3r",
          "checksum": "1d3ffb774caa7f04085db493748c26a0"
        },
        {
          "type": "icon",
          "assetId": "9uQ316WewrHD",
          "checksum": "e057331bcd6ee0013247755584e8c4d2"
        },
        {
          "type": "icon",
          "assetId": "6r5-YzFp5Wqk",
          "checksum": "359b68238cae1e42ae2ba056fdc0e300"
        },
        {
          "type": "icon",
          "assetId": "zuLiKym3ObVu",
          "checksum": "8acbb2d73fce7d3e58d24f12f03ab33c"
        },
        {
          "type": "icon",
          "assetId": "SRs8usgSF8",
          "checksum": "e6f840f7a8a5519791ba3c14efe5e0f7"
        },
        {
          "type": "image",
          "assetId": "PtgN1I-mROBf",
          "checksum": "1b3e7be774d97b79da447a6ea600a583"
        },
        {
          "type": "image",
          "assetId": "yiD8xmUlC-m6",
          "checksum": "f615ad9e60803d048401b6f4038b128c"
        },
        {
          "type": "image",
          "assetId": "Pl8zXqfyzNnQ",
          "checksum": "54239a09c6a2dacc970e4b7f326ea577"
        },
        {
          "type": "image",
          "assetId": "80pHjAK5QlnQ",
          "checksum": "71b7945a6522067d40637cdad322c0a5"
        },
        {
          "type": "image",
          "assetId": "9qyc67qYYD0m",
          "checksum": "c65a44c1b6c1056f48500c6c0cff5320"
        },
        {
          "type": "image",
          "assetId": "CoZsQdY-M1Zn",
          "checksum": "6b05b0d26009cc65bbc7fbc2d8d9da13"
        },
        {
          "type": "image",
          "assetId": "IfGfMdM1YmA6",
          "checksum": "aaa4425b862c7b7c0096bfd521db2e09"
        },
        {
          "type": "image",
          "assetId": "r40CXLj3Kyy-",
          "checksum": "423126ddc42a80ef55612e18aff28ed2"
        },
        {
          "type": "image",
          "assetId": "FBrGhuPAYzvi",
          "checksum": "2b3ae9064f2b320a9c7997fd23be3e31"
        },
        {
          "type": "image",
          "assetId": "5HukWjWMp7as",
          "checksum": "7a488e2ffbfc6467a21357567cfbc2b8"
        },
        {
          "type": "image",
          "assetId": "xpM1iSxKmJUv",
          "checksum": "16f0b0951ba7aaffb71459fe6fdb1cc6"
        },
        {
          "type": "image",
          "assetId": "jYAm_eJVFLjH",
          "checksum": "012775ce25325c2d38a2a049621af97d"
        },
        {
          "type": "image",
          "assetId": "onOEN4v4L2Cm",
          "checksum": "1b81a850e07120e505ae962a174ab5c4"
        },
        {
          "type": "image",
          "assetId": "xcqW7hPcpvvp",
          "checksum": "1139aefe6238a169d86c69f6ade913ef"
        },
        {
          "type": "image",
          "assetId": "yTxaLpuJvYDf",
          "checksum": "517d708a6e16cf50b74f11994fa87a95"
        },
        {
          "type": "image",
          "assetId": "AfJTw8R_1-Bq",
          "checksum": "ec27f64222913ebd30cbb2f981b24080"
        },
        {
          "type": "image",
          "assetId": "22ZGoLjD6e-5",
          "checksum": "be58fdb85acadfbd6cfad5cd5f323680"
        },
        {
          "type": "image",
          "assetId": "N4NtcP47IQHb",
          "checksum": "1d0557842c16d02568d619526d286065"
        },
        {
          "type": "image",
          "assetId": "OL6PMmBpsx1h",
          "checksum": "b236c374a1799d98868b20eb3eee423b"
        },
        {
          "type": "image",
          "assetId": "xe8Iokjy5bel",
          "checksum": "0f9e983ae68904391030cc65b1007afe"
        },
        {
          "type": "image",
          "assetId": "RkqaBXgxJnb4",
          "checksum": "11e4a6575ff3458e8504a2f7e240b0a7"
        },
        {
          "type": "image",
          "assetId": "rtpAWo4hWaCA",
          "checksum": "d1899d4fc8accb5a1619ef3b6aa13cb6"
        },
        {
          "type": "image",
          "assetId": "fPwxSrOZAIoY",
          "checksum": "59faf305d69476b4f80e7553da3c8f9b"
        },
        {
          "type": "image",
          "assetId": "GwjoPpn8Mber",
          "checksum": "7ab6cec256df76d0bbd9f556fd20b7d7"
        },
        {
          "type": "image",
          "assetId": "XozoZmpyBujU",
          "checksum": "03b9297fd354335f804cd12c7c53a12b"
        },
        {
          "type": "image",
          "assetId": "i5m8-1zIVFTD",
          "checksum": "b2b347fa36c6092f85d8e2b3b2648c0c"
        },
        {
          "type": "image",
          "assetId": "FLrp2xVXqCke",
          "checksum": "d31c157e9c6b26c1c84bc644626a7186"
        },
        {
          "type": "image",
          "assetId": "vQS6etYNoW29",
          "checksum": "5887dc896f5fe7e3fef2d52b189d03df"
        },
        {
          "type": "image",
          "assetId": "RediYNdT8Spk",
          "checksum": "28b11962e2d87e3cf1dd110d4dbdedca"
        },
        {
          "type": "image",
          "assetId": "IMMUAUk6Ey2Z",
          "checksum": "f2cf60a3c5a8662010e6afb765d08364"
        },
        {
          "type": "image",
          "assetId": "d7gjiSI_e0cA",
          "checksum": "cd3898b804b43fc566ed9c3705f9e986"
        },
        {
          "type": "image",
          "assetId": "bgvnNMVX7f9O",
          "checksum": "ca66ab5420d91ddde7acf7bc088abbd4"
        },
        {
          "type": "image",
          "assetId": "UXQCDfYnmqeI",
          "checksum": "fd114fe21af6ac61ad2a0ff83751c2bd"
        },
        {
          "type": "image",
          "assetId": "oY3-LnhuvBvZ",
          "checksum": "febbbce1975c9944fee748d5f35f7b0b"
        },
        {
          "type": "image",
          "assetId": "2PiO8IY25atY",
          "checksum": "0dadd4c977ceae247a137b739067cb9f"
        },
        {
          "type": "image",
          "assetId": "098ajiVw85Es",
          "checksum": "99bf54adc9c3e751cd57741388546299"
        },
        {
          "type": "image",
          "assetId": "EIfT_YhYfQhu",
          "checksum": "c744436c2692d1abb88c23039585f7f1"
        },
        {
          "type": "image",
          "assetId": "eM4oGbK8Y1yA",
          "checksum": "de834edb13da937024b3647f8eb768db"
        },
        {
          "type": "image",
          "assetId": "UH6ipmkAyOA8",
          "checksum": "e6c46595e12879a5784c28907890e2ac"
        },
        {
          "type": "image",
          "assetId": "1_xiRZdwqdK0",
          "checksum": "1e20a8136ef88832bbf36810edc56e2c"
        },
        {
          "type": "image",
          "assetId": "kB3loh36MOtV",
          "checksum": "a0b1f1e4d747fa50ba721614e220caf5"
        },
        {
          "type": "image",
          "assetId": "aYE51FT8Onlt",
          "checksum": "3677e2b62f827af89c1c28893c3d709c"
        },
        {
          "type": "image",
          "assetId": "2Z_nbXACwOVk",
          "checksum": "8e99016ef6c73e20c600539ee37127e0"
        },
        {
          "assetId": "mkraxK26DVUcftaRqUY3yk",
          "type": "projectCss",
          "checksum": "3c93cd91d6419a5d364e351eb6dbda5c"
        }
      ]
    }
  ],
  "cliVersion": "0.1.166"
}
